
Microsoft Visual Studio Solution File, Format Version 12.00
# Visual Studio Version 16
VisualStudioVersion = 16.0.30320.27
MinimumVisualStudioVersion = 10.0.40219.1
Project("{FAE04EC0-301F-11D3-BF4B-00C04F79EFBC}") = "SmartHomeService", "SmartHomeService.csproj", "{F4B2D66B-0EFD-4994-B287-CB30D09BD8EC}"
EndProject
Global
	GlobalSection(SolutionConfigurationPlatforms) = preSolution
		Debug|Any CPU = Debug|Any CPU
		Release|Any CPU = Release|Any CPU
	EndGlobalSection
	GlobalSection(ProjectConfigurationPlatforms) = postSolution
		{F4B2D66B-0EFD-4994-B287-CB30D09BD8EC}.Debug|Any CPU.ActiveCfg = Debug|Any CPU
		{F4B2D66B-0EFD-4994-B287-CB30D09BD8EC}.Debug|Any CPU.Build.0 = Debug|Any CPU
		{F4B2D66B-0EFD-4994-B287-CB30D09BD8EC}.Release|Any CPU.ActiveCfg = Release|Any CPU
		{F4B2D66B-0EFD-4994-B287-CB30D09BD8EC}.Release|Any CPU.Build.0 = Release|Any CPU
	EndGlobalSection
	GlobalSection(SolutionProperties) = preSolution
		HideSolutionNode = FALSE
	EndGlobalSection
	GlobalSection(ExtensibilityGlobals) = postSolution
		SolutionGuid = {FF98A17B-FB61-49E2-A8A2-16BB47CD63D5}
	EndGlobalSection
EndGlobal
